
Microsoft Visual Studio Solution File, Format Version 12.00
# Visual Studio Version 17
VisualStudioVersion = 17.14.36414.22 d17.14
MinimumVisualStudioVersion = 10.0.40219.1
Project("{FAE04EC0-301F-11D3-BF4B-00C04F79EFBC}") = "SSD_Lab1", "SSD_Lab1\SSD_Lab1.csproj", "{28B4F3A3-27FB-4214-868E-754FE88BF828}"
EndProject
Global
	GlobalSection(SolutionConfigurationPlatforms) = preSolution
		Debug|Any CPU = Debug|Any CPU
		Release|Any CPU = Release|Any CPU
	EndGlobalSection
	GlobalSection(ProjectConfigurationPlatforms) = postSolution
		{28B4F3A3-27FB-4214-868E-754FE88BF828}.Debug|Any CPU.ActiveCfg = Debug|Any CPU
		{28B4F3A3-27FB-4214-868E-754FE88BF828}.Debug|Any CPU.Build.0 = Debug|Any CPU
		{28B4F3A3-27FB-4214-868E-754FE88BF828}.Release|Any CPU.ActiveCfg = Release|Any CPU
		{28B4F3A3-27FB-4214-868E-754FE88BF828}.Release|Any CPU.Build.0 = Release|Any CPU
	EndGlobalSection
	GlobalSection(SolutionProperties) = preSolution
		HideSolutionNode = FALSE
	EndGlobalSection
	GlobalSection(ExtensibilityGlobals) = postSolution
		SolutionGuid = {EA95CAF9-3D93-4E29-A295-65B6D0C83971}
	EndGlobalSection
EndGlobal
